PODS:
  - Action (3.5.0):
    - RxCocoa (~> 4.0)
    - RxSwift (~> 4.0)
  - APIKit (3.2.1):
    - Result (~> 3.0)
  - Kingfisher (4.6.3)
  - Result (3.2.4)
  - RxCocoa (4.1.2):
    - RxSwift (~> 4.0)
  - RxSwift (4.1.2)

DEPENDENCIES:
  - Action
  - APIKit
  - Kingfisher
  - RxCocoa
  - RxSwift

SPEC CHECKSUMS:
  Action: d60087ebce41b969d1afdad01e2fa1372a82f26e
  APIKit: a39ff72ac44efc15513fd1b98800f63c525be61b
  Kingfisher: 98e6d5b5e807645743e8ed5ececd25d688d38452
  Result: d2d07204ce72856f1fd9130bbe42c35a7b0fea10
  RxCocoa: d88ba0f1f6abf040011a9eb4b539324fc426843a
  RxSwift: e49536837d9901277638493ea537394d4b55f570

PODFILE CHECKSUM: b42a488d20fb17ba926cd22dab3634b9216aa55f

COCOAPODS: 1.4.0
