// !$*UTF8*$!
{
	archiveVersion = 1;
	classes = {
	};
	objectVersion = 46;
	objects = {

/* Begin PBXBuildFile section */
		AD5C985E1F1F962300DF5039 /* AppDelegate.swift in Sources */ = {isa = PBXBuildFile; fileRef = AD5C985D1F1F962300DF5039 /* AppDelegate.swift */; };
		AD5C98651F1F962300DF5039 /* Assets.xcassets in Resources */ = {isa = PBXBuildFile; fileRef = AD5C98641F1F962300DF5039 /* Assets.xcassets */; };
		AD5C98681F1F962300DF5039 /* LaunchScreen.storyboard in Resources */ = {isa = PBXBuildFile; fileRef = AD5C98661F1F962300DF5039 /* LaunchScreen.storyboard */; };
		AD5C98731F1F962300DF5039 /* MVVMC_QiitaClientTests.swift in Sources */ = {isa = PBXBuildFile; fileRef = AD5C98721F1F962300DF5039 /* MVVMC_QiitaClientTests.swift */; };
		AD5C987E1F1F962300DF5039 /* MVVMC_QiitaClientUITests.swift in Sources */ = {isa = PBXBuildFile; fileRef = AD5C987D1F1F962300DF5039 /* MVVMC_QiitaClientUITests.swift */; };
		AD5C988F1F1F994200DF5039 /* CoordinatorFactory.swift in Sources */ = {isa = PBXBuildFile; fileRef = AD5C988E1F1F994200DF5039 /* CoordinatorFactory.swift */; };
		AD5C98931F1F996500DF5039 /* Presentable.swift in Sources */ = {isa = PBXBuildFile; fileRef = AD5C98901F1F996500DF5039 /* Presentable.swift */; };
		AD5C98941F1F996500DF5039 /* Router.swift in Sources */ = {isa = PBXBuildFile; fileRef = AD5C98911F1F996500DF5039 /* Router.swift */; };
		AD5C98951F1F996500DF5039 /* RouterImpl.swift in Sources */ = {isa = PBXBuildFile; fileRef = AD5C98921F1F996500DF5039 /* RouterImpl.swift */; };
		AD5C989A1F1F998200DF5039 /* Coordinator.swift in Sources */ = {isa = PBXBuildFile; fileRef = AD5C98961F1F998200DF5039 /* Coordinator.swift */; };
		AD5C989B1F1F998200DF5039 /* DependencyCoordinator.swift in Sources */ = {isa = PBXBuildFile; fileRef = AD5C98971F1F998200DF5039 /* DependencyCoordinator.swift */; };
		AD5C989C1F1F998200DF5039 /* BaseCoordinator.swift in Sources */ = {isa = PBXBuildFile; fileRef = AD5C98981F1F998200DF5039 /* BaseCoordinator.swift */; };
		AD5C989D1F1F998200DF5039 /* ApplicationCoordinator.swift in Sources */ = {isa = PBXBuildFile; fileRef = AD5C98991F1F998200DF5039 /* ApplicationCoordinator.swift */; };
		AD5C98A51F1F9C3400DF5039 /* TabbarController.swift in Sources */ = {isa = PBXBuildFile; fileRef = AD5C98A41F1F9C3400DF5039 /* TabbarController.swift */; };
		AD5C98A91F1F9D4100DF5039 /* TabSelectableView.swift in Sources */ = {isa = PBXBuildFile; fileRef = AD5C98A81F1F9D4100DF5039 /* TabSelectableView.swift */; };
		AD5C98AC1F1FA31A00DF5039 /* TabbarController.storyboard in Resources */ = {isa = PBXBuildFile; fileRef = AD5C98AB1F1FA31A00DF5039 /* TabbarController.storyboard */; };
		AD639DB61F20EE5500AA56ED /* Storyboard+Extension.swift in Sources */ = {isa = PBXBuildFile; fileRef = AD639DB51F20EE5500AA56ED /* Storyboard+Extension.swift */; };
		AD639DB81F20EEE900AA56ED /* CoordinatorFactoryImpl.swift in Sources */ = {isa = PBXBuildFile; fileRef = AD639DB71F20EEE900AA56ED /* CoordinatorFactoryImpl.swift */; };
		AD639DBA1F20EF5700AA56ED /* TabbarCoordinator.swift in Sources */ = {isa = PBXBuildFile; fileRef = AD639DB91F20EF5700AA56ED /* TabbarCoordinator.swift */; };
		AD639DBD1F23223100AA56ED /* AuthViewController.storyboard in Resources */ = {isa = PBXBuildFile; fileRef = AD639DBC1F23223100AA56ED /* AuthViewController.storyboard */; };
		AD639DBF1F23241600AA56ED /* AuthViewController.swift in Sources */ = {isa = PBXBuildFile; fileRef = AD639DBE1F23241600AA56ED /* AuthViewController.swift */; };
		AD639DC11F246D5800AA56ED /* AuthViewProtocol.swift in Sources */ = {isa = PBXBuildFile; fileRef = AD639DC01F246D5800AA56ED /* AuthViewProtocol.swift */; };
		AD639DC41F24752500AA56ED /* AuthenticateQiita.swift in Sources */ = {isa = PBXBuildFile; fileRef = AD639DC31F24752500AA56ED /* AuthenticateQiita.swift */; };
		AD639DC71F247F9000AA56ED /* AuthInfo.swift in Sources */ = {isa = PBXBuildFile; fileRef = AD639DC61F247F9000AA56ED /* AuthInfo.swift */; };
		AD639DC91F24E17D00AA56ED /* AuthCoordinator.swift in Sources */ = {isa = PBXBuildFile; fileRef = AD639DC81F24E17D00AA56ED /* AuthCoordinator.swift */; };
		AD639DCC1F24E30600AA56ED /* AuthViewFactory.swift in Sources */ = {isa = PBXBuildFile; fileRef = AD639DCB1F24E30600AA56ED /* AuthViewFactory.swift */; };
		AD639DCE1F24E38300AA56ED /* ViewFactory.swift in Sources */ = {isa = PBXBuildFile; fileRef = AD639DCD1F24E38300AA56ED /* ViewFactory.swift */; };
		AD639DD31F263E8300AA56ED /* AuthVM.swift in Sources */ = {isa = PBXBuildFile; fileRef = AD639DD21F263E8300AA56ED /* AuthVM.swift */; };
		AD639DD51F26414900AA56ED /* AccessTokenProtocol.swift in Sources */ = {isa = PBXBuildFile; fileRef = AD639DD41F26414900AA56ED /* AccessTokenProtocol.swift */; };
		AD639DD81F27792600AA56ED /* UserEntity.swift in Sources */ = {isa = PBXBuildFile; fileRef = AD639DD71F27792600AA56ED /* UserEntity.swift */; };
		AD639DDA1F277A2600AA56ED /* TagEntity.swift in Sources */ = {isa = PBXBuildFile; fileRef = AD639DD91F277A2600AA56ED /* TagEntity.swift */; };
		AD639DDC1F277AB500AA56ED /* GroupEntity.swift in Sources */ = {isa = PBXBuildFile; fileRef = AD639DDB1F277AB500AA56ED /* GroupEntity.swift */; };
		AD639DDE1F277B3400AA56ED /* ItemEntity.swift in Sources */ = {isa = PBXBuildFile; fileRef = AD639DDD1F277B3400AA56ED /* ItemEntity.swift */; };
		AD639DE41F277DD200AA56ED /* ItemListViewController.storyboard in Resources */ = {isa = PBXBuildFile; fileRef = AD639DE31F277DD200AA56ED /* ItemListViewController.storyboard */; };
		AD639DE61F277E3A00AA56ED /* ItemListViewController.swift in Sources */ = {isa = PBXBuildFile; fileRef = AD639DE51F277E3A00AA56ED /* ItemListViewController.swift */; };
		AD639DE91F277F2F00AA56ED /* ItemListTableCell.xib in Resources */ = {isa = PBXBuildFile; fileRef = AD639DE81F277F2F00AA56ED /* ItemListTableCell.xib */; };
		AD639DEB1F2780A700AA56ED /* ItemListTableCell.swift in Sources */ = {isa = PBXBuildFile; fileRef = AD639DEA1F2780A700AA56ED /* ItemListTableCell.swift */; };
		AD639DED1F27826900AA56ED /* NibLoadableView.swift in Sources */ = {isa = PBXBuildFile; fileRef = AD639DEC1F27826900AA56ED /* NibLoadableView.swift */; };
		AD639DF01F27835E00AA56ED /* LoadingIndicatorView.xib in Resources */ = {isa = PBXBuildFile; fileRef = AD639DEF1F27835E00AA56ED /* LoadingIndicatorView.xib */; };
		AD639DF21F2783DC00AA56ED /* LoadingIndicatorView.swift in Sources */ = {isa = PBXBuildFile; fileRef = AD639DF11F2783DC00AA56ED /* LoadingIndicatorView.swift */; };
		AD639DF41F2787C600AA56ED /* ItemListViewModel.swift in Sources */ = {isa = PBXBuildFile; fileRef = AD639DF31F2787C600AA56ED /* ItemListViewModel.swift */; };
		AD74B4C81F20ED8B00B2EC04 /* ReusableViewController.swift in Sources */ = {isa = PBXBuildFile; fileRef = AD74B4C71F20ED8B00B2EC04 /* ReusableViewController.swift */; };
		C2483F841F2602F200685622 /* AuthCoordinatorOutput.swift in Sources */ = {isa = PBXBuildFile; fileRef = C2483F831F2602F200685622 /* AuthCoordinatorOutput.swift */; };
		C2483F861F2608DC00685622 /* AccessTokenStorage.swift in Sources */ = {isa = PBXBuildFile; fileRef = C2483F851F2608DC00685622 /* AccessTokenStorage.swift */; };
		C2483F881F2609D200685622 /* AppDelegate+Auth.swift in Sources */ = {isa = PBXBuildFile; fileRef = C2483F871F2609D200685622 /* AppDelegate+Auth.swift */; };
		C2483F8C1F2611F400685622 /* AuthViewModel.swift in Sources */ = {isa = PBXBuildFile; fileRef = C2483F8B1F2611F400685622 /* AuthViewModel.swift */; };
		C2483F8F1F26145A00685622 /* AuthEntity.swift in Sources */ = {isa = PBXBuildFile; fileRef = C2483F8E1F26145A00685622 /* AuthEntity.swift */; };
		C2483F921F26158000685622 /* QiitaRequestType.swift in Sources */ = {isa = PBXBuildFile; fileRef = C2483F911F26158000685622 /* QiitaRequestType.swift */; };
		C2483F941F26187C00685622 /* Session+Rx.swift in Sources */ = {isa = PBXBuildFile; fileRef = C2483F931F26187C00685622 /* Session+Rx.swift */; };
		C2483F961F26DC0300685622 /* QiitaAPI.swift in Sources */ = {isa = PBXBuildFile; fileRef = C2483F951F26DC0300685622 /* QiitaAPI.swift */; };
		C2483F981F26DC5E00685622 /* AuthRequest.swift in Sources */ = {isa = PBXBuildFile; fileRef = C2483F971F26DC5E00685622 /* AuthRequest.swift */; };
		C24E7EA4EC103D8F6278B248 /* Pods_MVVMC_QiitaClient.framework in Frameworks */ = {isa = PBXBuildFile; fileRef = A7F235B9C2D98F0EAD71C641 /* Pods_MVVMC_QiitaClient.framework */; };
/* End PBXBuildFile section */

/* Begin PBXContainerItemProxy section */
		AD5C986F1F1F962300DF5039 /* PBXContainerItemProxy */ = {
			isa = PBXContainerItemProxy;
			containerPortal = AD5C98521F1F962300DF5039 /* Project object */;
			proxyType = 1;
			remoteGlobalIDString = AD5C98591F1F962300DF5039;
			remoteInfo = MVVMC_QiitaClient;
		};
		AD5C987A1F1F962300DF5039 /* PBXContainerItemProxy */ = {
			isa = PBXContainerItemProxy;
			containerPortal = AD5C98521F1F962300DF5039 /* Project object */;
			proxyType = 1;
			remoteGlobalIDString = AD5C98591F1F962300DF5039;
			remoteInfo = MVVMC_QiitaClient;
		};
/* End PBXContainerItemProxy section */

/* Begin PBXFileReference section */
		97D0312F84DE58702220B358 /* Pods-MVVMC_QiitaClient.release.xcconfig */ = {isa = PBXFileReference; includeInIndex = 1; lastKnownFileType = text.xcconfig; name = "Pods-MVVMC_QiitaClient.release.xcconfig"; path = "Pods/Target Support Files/Pods-MVVMC_QiitaClient/Pods-MVVMC_QiitaClient.release.xcconfig"; sourceTree = "<group>"; };
		A7F235B9C2D98F0EAD71C641 /* Pods_MVVMC_QiitaClient.framework */ = {isa = PBXFileReference; explicitFileType = wrapper.framework; includeInIndex = 0; path = Pods_MVVMC_QiitaClient.framework; sourceTree = BUILT_PRODUCTS_DIR; };
		AD5C985A1F1F962300DF5039 /* MVVMC_QiitaClient.app */ = {isa = PBXFileReference; explicitFileType = wrapper.application; includeInIndex = 0; path = MVVMC_QiitaClient.app; sourceTree = BUILT_PRODUCTS_DIR; };
		AD5C985D1F1F962300DF5039 /* AppDelegate.swift */ = {isa = PBXFileReference; lastKnownFileType = sourcecode.swift; path = AppDelegate.swift; sourceTree = "<group>"; };
		AD5C98641F1F962300DF5039 /* Assets.xcassets */ = {isa = PBXFileReference; lastKnownFileType = folder.assetcatalog; path = Assets.xcassets; sourceTree = "<group>"; };
		AD5C98671F1F962300DF5039 /* Base */ = {isa = PBXFileReference; lastKnownFileType = file.storyboard; name = Base; path = Base.lproj/LaunchScreen.storyboard; sourceTree = "<group>"; };
		AD5C98691F1F962300DF5039 /* Info.plist */ = {isa = PBXFileReference; lastKnownFileType = text.plist.xml; path = Info.plist; sourceTree = "<group>"; };
		AD5C986E1F1F962300DF5039 /* MVVMC_QiitaClientTests.xctest */ = {isa = PBXFileReference; explicitFileType = wrapper.cfbundle; includeInIndex = 0; path = MVVMC_QiitaClientTests.xctest; sourceTree = BUILT_PRODUCTS_DIR; };
		AD5C98721F1F962300DF5039 /* MVVMC_QiitaClientTests.swift */ = {isa = PBXFileReference; lastKnownFileType = sourcecode.swift; path = MVVMC_QiitaClientTests.swift; sourceTree = "<group>"; };
		AD5C98741F1F962300DF5039 /* Info.plist */ = {isa = PBXFileReference; lastKnownFileType = text.plist.xml; path = Info.plist; sourceTree = "<group>"; };
		AD5C98791F1F962300DF5039 /* MVVMC_QiitaClientUITests.xctest */ = {isa = PBXFileReference; explicitFileType = wrapper.cfbundle; includeInIndex = 0; path = MVVMC_QiitaClientUITests.xctest; sourceTree = BUILT_PRODUCTS_DIR; };
		AD5C987D1F1F962300DF5039 /* MVVMC_QiitaClientUITests.swift */ = {isa = PBXFileReference; lastKnownFileType = sourcecode.swift; path = MVVMC_QiitaClientUITests.swift; sourceTree = "<group>"; };
		AD5C987F1F1F962300DF5039 /* Info.plist */ = {isa = PBXFileReference; lastKnownFileType = text.plist.xml; path = Info.plist; sourceTree = "<group>"; };
		AD5C988E1F1F994200DF5039 /* CoordinatorFactory.swift */ = {isa = PBXFileReference; fileEncoding = 4; lastKnownFileType = sourcecode.swift; path = CoordinatorFactory.swift; sourceTree = "<group>"; };
		AD5C98901F1F996500DF5039 /* Presentable.swift */ = {isa = PBXFileReference; fileEncoding = 4; lastKnownFileType = sourcecode.swift; path = Presentable.swift; sourceTree = "<group>"; };
		AD5C98911F1F996500DF5039 /* Router.swift */ = {isa = PBXFileReference; fileEncoding = 4; lastKnownFileType = sourcecode.swift; path = Router.swift; sourceTree = "<group>"; };
		AD5C98921F1F996500DF5039 /* RouterImpl.swift */ = {isa = PBXFileReference; fileEncoding = 4; lastKnownFileType = sourcecode.swift; path = RouterImpl.swift; sourceTree = "<group>"; };
		AD5C98961F1F998200DF5039 /* Coordinator.swift */ = {isa = PBXFileReference; fileEncoding = 4; lastKnownFileType = sourcecode.swift; path = Coordinator.swift; sourceTree = "<group>"; };
		AD5C98971F1F998200DF5039 /* DependencyCoordinator.swift */ = {isa = PBXFileReference; fileEncoding = 4; lastKnownFileType = sourcecode.swift; path = DependencyCoordinator.swift; sourceTree = "<group>"; };
		AD5C98981F1F998200DF5039 /* BaseCoordinator.swift */ = {isa = PBXFileReference; fileEncoding = 4; lastKnownFileType = sourcecode.swift; path = BaseCoordinator.swift; sourceTree = "<group>"; };
		AD5C98991F1F998200DF5039 /* ApplicationCoordinator.swift */ = {isa = PBXFileReference; fileEncoding = 4; lastKnownFileType = sourcecode.swift; path = ApplicationCoordinator.swift; sourceTree = "<group>"; };
		AD5C98A41F1F9C3400DF5039 /* TabbarController.swift */ = {isa = PBXFileReference; fileEncoding = 4; lastKnownFileType = sourcecode.swift; path = TabbarController.swift; sourceTree = "<group>"; };
		AD5C98A81F1F9D4100DF5039 /* TabSelectableView.swift */ = {isa = PBXFileReference; fileEncoding = 4; lastKnownFileType = sourcecode.swift; path = TabSelectableView.swift; sourceTree = "<group>"; };
		AD5C98AB1F1FA31A00DF5039 /* TabbarController.storyboard */ = {isa = PBXFileReference; fileEncoding = 4; lastKnownFileType = file.storyboard; path = TabbarController.storyboard; sourceTree = "<group>"; };
		AD639DB51F20EE5500AA56ED /* Storyboard+Extension.swift */ = {isa = PBXFileReference; fileEncoding = 4; lastKnownFileType = sourcecode.swift; path = "Storyboard+Extension.swift"; sourceTree = "<group>"; };
		AD639DB71F20EEE900AA56ED /* CoordinatorFactoryImpl.swift */ = {isa = PBXFileReference; fileEncoding = 4; lastKnownFileType = sourcecode.swift; path = CoordinatorFactoryImpl.swift; sourceTree = "<group>"; };
		AD639DB91F20EF5700AA56ED /* TabbarCoordinator.swift */ = {isa = PBXFileReference; fileEncoding = 4; lastKnownFileType = sourcecode.swift; path = TabbarCoordinator.swift; sourceTree = "<group>"; };
		AD639DBC1F23223100AA56ED /* AuthViewController.storyboard */ = {isa = PBXFileReference; fileEncoding = 4; lastKnownFileType = file.storyboard; path = AuthViewController.storyboard; sourceTree = "<group>"; };
		AD639DBE1F23241600AA56ED /* AuthViewController.swift */ = {isa = PBXFileReference; fileEncoding = 4; lastKnownFileType = sourcecode.swift; path = AuthViewController.swift; sourceTree = "<group>"; };
		AD639DC01F246D5800AA56ED /* AuthViewProtocol.swift */ = {isa = PBXFileReference; fileEncoding = 4; lastKnownFileType = sourcecode.swift; path = AuthViewProtocol.swift; sourceTree = "<group>"; };
		AD639DC31F24752500AA56ED /* AuthenticateQiita.swift */ = {isa = PBXFileReference; fileEncoding = 4; lastKnownFileType = sourcecode.swift; name = AuthenticateQiita.swift; path = MVVMC_QiitaClient/Model/Auth/AuthenticateQiita.swift; sourceTree = SOURCE_ROOT; };
		AD639DC61F247F9000AA56ED /* AuthInfo.swift */ = {isa = PBXFileReference; fileEncoding = 4; lastKnownFileType = sourcecode.swift; path = AuthInfo.swift; sourceTree = "<group>"; };
		AD639DC81F24E17D00AA56ED /* AuthCoordinator.swift */ = {isa = PBXFileReference; fileEncoding = 4; lastKnownFileType = sourcecode.swift; path = AuthCoordinator.swift; sourceTree = "<group>"; };
		AD639DCB1F24E30600AA56ED /* AuthViewFactory.swift */ = {isa = PBXFileReference; fileEncoding = 4; lastKnownFileType = sourcecode.swift; path = AuthViewFactory.swift; sourceTree = "<group>"; };
		AD639DCD1F24E38300AA56ED /* ViewFactory.swift */ = {isa = PBXFileReference; fileEncoding = 4; lastKnownFileType = sourcecode.swift; path = ViewFactory.swift; sourceTree = "<group>"; };
		AD639DD21F263E8300AA56ED /* AuthVM.swift */ = {isa = PBXFileReference; fileEncoding = 4; lastKnownFileType = sourcecode.swift; path = AuthVM.swift; sourceTree = "<group>"; };
		AD639DD41F26414900AA56ED /* AccessTokenProtocol.swift */ = {isa = PBXFileReference; fileEncoding = 4; lastKnownFileType = sourcecode.swift; path = AccessTokenProtocol.swift; sourceTree = "<group>"; };
		AD639DD71F27792600AA56ED /* UserEntity.swift */ = {isa = PBXFileReference; fileEncoding = 4; lastKnownFileType = sourcecode.swift; path = UserEntity.swift; sourceTree = "<group>"; };
		AD639DD91F277A2600AA56ED /* TagEntity.swift */ = {isa = PBXFileReference; fileEncoding = 4; lastKnownFileType = sourcecode.swift; path = TagEntity.swift; sourceTree = "<group>"; };
		AD639DDB1F277AB500AA56ED /* GroupEntity.swift */ = {isa = PBXFileReference; fileEncoding = 4; lastKnownFileType = sourcecode.swift; path = GroupEntity.swift; sourceTree = "<group>"; };
		AD639DDD1F277B3400AA56ED /* ItemEntity.swift */ = {isa = PBXFileReference; fileEncoding = 4; lastKnownFileType = sourcecode.swift; path = ItemEntity.swift; sourceTree = "<group>"; };
		AD639DE31F277DD200AA56ED /* ItemListViewController.storyboard */ = {isa = PBXFileReference; fileEncoding = 4; lastKnownFileType = file.storyboard; path = ItemListViewController.storyboard; sourceTree = "<group>"; };
		AD639DE51F277E3A00AA56ED /* ItemListViewController.swift */ = {isa = PBXFileReference; fileEncoding = 4; lastKnownFileType = sourcecode.swift; path = ItemListViewController.swift; sourceTree = "<group>"; };
		AD639DE81F277F2F00AA56ED /* ItemListTableCell.xib */ = {isa = PBXFileReference; fileEncoding = 4; lastKnownFileType = file.xib; path = ItemListTableCell.xib; sourceTree = "<group>"; };
		AD639DEA1F2780A700AA56ED /* ItemListTableCell.swift */ = {isa = PBXFileReference; fileEncoding = 4; lastKnownFileType = sourcecode.swift; path = ItemListTableCell.swift; sourceTree = "<group>"; };
		AD639DEC1F27826900AA56ED /* NibLoadableView.swift */ = {isa = PBXFileReference; fileEncoding = 4; lastKnownFileType = sourcecode.swift; path = NibLoadableView.swift; sourceTree = "<group>"; };
		AD639DEF1F27835E00AA56ED /* LoadingIndicatorView.xib */ = {isa = PBXFileReference; fileEncoding = 4; lastKnownFileType = file.xib; path = LoadingIndicatorView.xib; sourceTree = "<group>"; };
		AD639DF11F2783DC00AA56ED /* LoadingIndicatorView.swift */ = {isa = PBXFileReference; fileEncoding = 4; lastKnownFileType = sourcecode.swift; path = LoadingIndicatorView.swift; sourceTree = "<group>"; };
		AD639DF31F2787C600AA56ED /* ItemListViewModel.swift */ = {isa = PBXFileReference; fileEncoding = 4; lastKnownFileType = sourcecode.swift; path = ItemListViewModel.swift; sourceTree = "<group>"; };
		AD74B4C71F20ED8B00B2EC04 /* ReusableViewController.swift */ = {isa = PBXFileReference; fileEncoding = 4; lastKnownFileType = sourcecode.swift; path = ReusableViewController.swift; sourceTree = "<group>"; };
		C2483F831F2602F200685622 /* AuthCoordinatorOutput.swift */ = {isa = PBXFileReference; fileEncoding = 4; lastKnownFileType = sourcecode.swift; path = AuthCoordinatorOutput.swift; sourceTree = "<group>"; };
		C2483F851F2608DC00685622 /* AccessTokenStorage.swift */ = {isa = PBXFileReference; fileEncoding = 4; lastKnownFileType = sourcecode.swift; path = AccessTokenStorage.swift; sourceTree = "<group>"; };
		C2483F871F2609D200685622 /* AppDelegate+Auth.swift */ = {isa = PBXFileReference; fileEncoding = 4; lastKnownFileType = sourcecode.swift; path = "AppDelegate+Auth.swift"; sourceTree = "<group>"; };
		C2483F8B1F2611F400685622 /* AuthViewModel.swift */ = {isa = PBXFileReference; fileEncoding = 4; lastKnownFileType = sourcecode.swift; path = AuthViewModel.swift; sourceTree = "<group>"; };
		C2483F8E1F26145A00685622 /* AuthEntity.swift */ = {isa = PBXFileReference; fileEncoding = 4; lastKnownFileType = sourcecode.swift; path = AuthEntity.swift; sourceTree = "<group>"; };
		C2483F911F26158000685622 /* QiitaRequestType.swift */ = {isa = PBXFileReference; fileEncoding = 4; lastKnownFileType = sourcecode.swift; path = QiitaRequestType.swift; sourceTree = "<group>"; };
		C2483F931F26187C00685622 /* Session+Rx.swift */ = {isa = PBXFileReference; fileEncoding = 4; lastKnownFileType = sourcecode.swift; path = "Session+Rx.swift"; sourceTree = "<group>"; };
		C2483F951F26DC0300685622 /* QiitaAPI.swift */ = {isa = PBXFileReference; fileEncoding = 4; lastKnownFileType = sourcecode.swift; path = QiitaAPI.swift; sourceTree = "<group>"; };
		C2483F971F26DC5E00685622 /* AuthRequest.swift */ = {isa = PBXFileReference; fileEncoding = 4; lastKnownFileType = sourcecode.swift; path = AuthRequest.swift; sourceTree = "<group>"; };
		E6CE478C2039F61480735ED8 /* Pods-MVVMC_QiitaClient.debug.xcconfig */ = {isa = PBXFileReference; includeInIndex = 1; lastKnownFileType = text.xcconfig; name = "Pods-MVVMC_QiitaClient.debug.xcconfig"; path = "Pods/Target Support Files/Pods-MVVMC_QiitaClient/Pods-MVVMC_QiitaClient.debug.xcconfig"; sourceTree = "<group>"; };
/* End PBXFileReference section */

/* Begin PBXFrameworksBuildPhase section */
		AD5C98571F1F962300DF5039 /* Frameworks */ = {
			isa = PBXFrameworksBuildPhase;
			buildActionMask = 2147483647;
			files = (
				C24E7EA4EC103D8F6278B248 /* Pods_MVVMC_QiitaClient.framework in Frameworks */,
			);
			runOnlyForDeploymentPostprocessing = 0;
		};
		AD5C986B1F1F962300DF5039 /* Frameworks */ = {
			isa = PBXFrameworksBuildPhase;
			buildActionMask = 2147483647;
			files = (
			);
			runOnlyForDeploymentPostprocessing = 0;
		};
		AD5C98761F1F962300DF5039 /* Frameworks */ = {
			isa = PBXFrameworksBuildPhase;
			buildActionMask = 2147483647;
			files = (
			);
			runOnlyForDeploymentPostprocessing = 0;
		};
/* End PBXFrameworksBuildPhase section */

/* Begin PBXGroup section */
		13EECC047E2D6784AF6ADEDB /* Pods */ = {
			isa = PBXGroup;
			children = (
				E6CE478C2039F61480735ED8 /* Pods-MVVMC_QiitaClient.debug.xcconfig */,
				97D0312F84DE58702220B358 /* Pods-MVVMC_QiitaClient.release.xcconfig */,
			);
			name = Pods;
			sourceTree = "<group>";
		};
		952D96CC2E7F4E7133B194FA /* Frameworks */ = {
			isa = PBXGroup;
			children = (
				A7F235B9C2D98F0EAD71C641 /* Pods_MVVMC_QiitaClient.framework */,
			);
			name = Frameworks;
			sourceTree = "<group>";
		};
		AD5C98511F1F962300DF5039 = {
			isa = PBXGroup;
			children = (
				AD5C985C1F1F962300DF5039 /* MVVMC_QiitaClient */,
				AD5C98711F1F962300DF5039 /* MVVMC_QiitaClientTests */,
				AD5C987C1F1F962300DF5039 /* MVVMC_QiitaClientUITests */,
				AD5C985B1F1F962300DF5039 /* Products */,
				13EECC047E2D6784AF6ADEDB /* Pods */,
				952D96CC2E7F4E7133B194FA /* Frameworks */,
			);
			sourceTree = "<group>";
		};
		AD5C985B1F1F962300DF5039 /* Products */ = {
			isa = PBXGroup;
			children = (
				AD5C985A1F1F962300DF5039 /* MVVMC_QiitaClient.app */,
				AD5C986E1F1F962300DF5039 /* MVVMC_QiitaClientTests.xctest */,
				AD5C98791F1F962300DF5039 /* MVVMC_QiitaClientUITests.xctest */,
			);
			name = Products;
			sourceTree = "<group>";
		};
		AD5C985C1F1F962300DF5039 /* MVVMC_QiitaClient */ = {
			isa = PBXGroup;
			children = (
				C2483F891F2611B800685622 /* ViewModel */,
				AD639DC21F24750500AA56ED /* Model */,
				AD74B4C61F20ED4200B2EC04 /* Extension */,
				AD5C98A21F1F9C0000DF5039 /* View */,
				AD5C988B1F1F98A800DF5039 /* Coordinator */,
				AD5C985D1F1F962300DF5039 /* AppDelegate.swift */,
				C2483F871F2609D200685622 /* AppDelegate+Auth.swift */,
				AD5C98641F1F962300DF5039 /* Assets.xcassets */,
				AD5C98661F1F962300DF5039 /* LaunchScreen.storyboard */,
				AD5C98691F1F962300DF5039 /* Info.plist */,
			);
			path = MVVMC_QiitaClient;
			sourceTree = "<group>";
		};
		AD5C98711F1F962300DF5039 /* MVVMC_QiitaClientTests */ = {
			isa = PBXGroup;
			children = (
				AD5C98721F1F962300DF5039 /* MVVMC_QiitaClientTests.swift */,
				AD5C98741F1F962300DF5039 /* Info.plist */,
			);
			path = MVVMC_QiitaClientTests;
			sourceTree = "<group>";
		};
		AD5C987C1F1F962300DF5039 /* MVVMC_QiitaClientUITests */ = {
			isa = PBXGroup;
			children = (
				AD5C987D1F1F962300DF5039 /* MVVMC_QiitaClientUITests.swift */,
				AD5C987F1F1F962300DF5039 /* Info.plist */,
			);
			path = MVVMC_QiitaClientUITests;
			sourceTree = "<group>";
		};
		AD5C988B1F1F98A800DF5039 /* Coordinator */ = {
			isa = PBXGroup;
			children = (
				AD5C98A61F1F9CA300DF5039 /* Flow */,
				AD5C98961F1F998200DF5039 /* Coordinator.swift */,
				AD5C98971F1F998200DF5039 /* DependencyCoordinator.swift */,
				AD5C98981F1F998200DF5039 /* BaseCoordinator.swift */,
				AD5C98991F1F998200DF5039 /* ApplicationCoordinator.swift */,
				AD5C988D1F1F992200DF5039 /* Router */,
				AD5C988C1F1F98E900DF5039 /* Factory */,
			);
			path = Coordinator;
			sourceTree = "<group>";
		};
		AD5C988C1F1F98E900DF5039 /* Factory */ = {
			isa = PBXGroup;
			children = (
				AD639DCA1F24E2E200AA56ED /* Auth */,
				AD5C988E1F1F994200DF5039 /* CoordinatorFactory.swift */,
				AD639DB71F20EEE900AA56ED /* CoordinatorFactoryImpl.swift */,
				AD639DCD1F24E38300AA56ED /* ViewFactory.swift */,
			);
			path = Factory;
			sourceTree = "<group>";
		};
		AD5C988D1F1F992200DF5039 /* Router */ = {
			isa = PBXGroup;
			children = (
				AD5C98901F1F996500DF5039 /* Presentable.swift */,
				AD5C98911F1F996500DF5039 /* Router.swift */,
				AD5C98921F1F996500DF5039 /* RouterImpl.swift */,
			);
			path = Router;
			sourceTree = "<group>";
		};
		AD5C98A21F1F9C0000DF5039 /* View */ = {
			isa = PBXGroup;
			children = (
				AD639DEE1F27832500AA56ED /* CustomView */,
				AD639DE71F277EB400AA56ED /* TableViewCell */,
				AD5C98AA1F1FA2FC00DF5039 /* Storyboard */,
				AD5C98A31F1F9C1C00DF5039 /* ViewController */,
			);
			path = View;
			sourceTree = "<group>";
		};
		AD5C98A31F1F9C1C00DF5039 /* ViewController */ = {
			isa = PBXGroup;
			children = (
				AD5C98A41F1F9C3400DF5039 /* TabbarController.swift */,
				AD639DBE1F23241600AA56ED /* AuthViewController.swift */,
				AD639DE51F277E3A00AA56ED /* ItemListViewController.swift */,
			);
			path = ViewController;
			sourceTree = "<group>";
		};
		AD5C98A61F1F9CA300DF5039 /* Flow */ = {
			isa = PBXGroup;
			children = (
				AD639DBB1F231EE500AA56ED /* AuthFlow */,
				AD5C98A71F1F9CC400DF5039 /* TabbarFlow */,
			);
			path = Flow;
			sourceTree = "<group>";
		};
		AD5C98A71F1F9CC400DF5039 /* TabbarFlow */ = {
			isa = PBXGroup;
			children = (
				AD5C98A81F1F9D4100DF5039 /* TabSelectableView.swift */,
				AD639DB91F20EF5700AA56ED /* TabbarCoordinator.swift */,
			);
			path = TabbarFlow;
			sourceTree = "<group>";
		};
		AD5C98AA1F1FA2FC00DF5039 /* Storyboard */ = {
			isa = PBXGroup;
			children = (
				AD5C98AB1F1FA31A00DF5039 /* TabbarController.storyboard */,
				AD639DBC1F23223100AA56ED /* AuthViewController.storyboard */,
				AD639DE31F277DD200AA56ED /* ItemListViewController.storyboard */,
			);
			path = Storyboard;
			sourceTree = "<group>";
		};
		AD639DBB1F231EE500AA56ED /* AuthFlow */ = {
			isa = PBXGroup;
			children = (
				AD639DC01F246D5800AA56ED /* AuthViewProtocol.swift */,
				C2483F831F2602F200685622 /* AuthCoordinatorOutput.swift */,
				AD639DC81F24E17D00AA56ED /* AuthCoordinator.swift */,
			);
			path = AuthFlow;
			sourceTree = "<group>";
		};
		AD639DC21F24750500AA56ED /* Model */ = {
			isa = PBXGroup;
			children = (
				C2483F901F26152500685622 /* API */,
				C2483F8D1F26141E00685622 /* ValueObject */,
				AD639DC51F247ECE00AA56ED /* Auth */,
			);
			path = Model;
			sourceTree = "<group>";
		};
		AD639DC51F247ECE00AA56ED /* Auth */ = {
			isa = PBXGroup;
			children = (
				AD639DC31F24752500AA56ED /* AuthenticateQiita.swift */,
				AD639DC61F247F9000AA56ED /* AuthInfo.swift */,
				C2483F851F2608DC00685622 /* AccessTokenStorage.swift */,
				AD639DD41F26414900AA56ED /* AccessTokenProtocol.swift */,
			);
			path = Auth;
			sourceTree = "<group>";
		};
		AD639DCA1F24E2E200AA56ED /* Auth */ = {
			isa = PBXGroup;
			children = (
				AD639DCB1F24E30600AA56ED /* AuthViewFactory.swift */,
			);
			path = Auth;
			sourceTree = "<group>";
		};
		AD639DCF1F26329400AA56ED /* Request */ = {
			isa = PBXGroup;
			children = (
				C2483F951F26DC0300685622 /* QiitaAPI.swift */,
				C2483F971F26DC5E00685622 /* AuthRequest.swift */,
			);
			path = Request;
			sourceTree = "<group>";
		};
		AD639DE71F277EB400AA56ED /* TableViewCell */ = {
			isa = PBXGroup;
			children = (
				AD639DE81F277F2F00AA56ED /* ItemListTableCell.xib */,
				AD639DEA1F2780A700AA56ED /* ItemListTableCell.swift */,
			);
			path = TableViewCell;
			sourceTree = "<group>";
		};
		AD639DEE1F27832500AA56ED /* CustomView */ = {
			isa = PBXGroup;
			children = (
				AD639DEF1F27835E00AA56ED /* LoadingIndicatorView.xib */,
				AD639DF11F2783DC00AA56ED /* LoadingIndicatorView.swift */,
			);
			path = CustomView;
			sourceTree = "<group>";
		};
		AD74B4C61F20ED4200B2EC04 /* Extension */ = {
			isa = PBXGroup;
			children = (
				AD74B4C71F20ED8B00B2EC04 /* ReusableViewController.swift */,
				AD639DB51F20EE5500AA56ED /* Storyboard+Extension.swift */,
				AD639DEC1F27826900AA56ED /* NibLoadableView.swift */,
			);
			path = Extension;
			sourceTree = "<group>";
		};
		C2483F891F2611B800685622 /* ViewModel */ = {
			isa = PBXGroup;
			children = (
				C2483F8A1F2611C900685622 /* Auth */,
				AD639DF31F2787C600AA56ED /* ItemListViewModel.swift */,
			);
			path = ViewModel;
			sourceTree = "<group>";
		};
		C2483F8A1F2611C900685622 /* Auth */ = {
			isa = PBXGroup;
			children = (
				C2483F8B1F2611F400685622 /* AuthViewModel.swift */,
				AD639DD21F263E8300AA56ED /* AuthVM.swift */,
			);
			path = Auth;
			sourceTree = "<group>";
		};
		C2483F8D1F26141E00685622 /* ValueObject */ = {
			isa = PBXGroup;
			children = (
				C2483F8E1F26145A00685622 /* AuthEntity.swift */,
				AD639DD71F27792600AA56ED /* UserEntity.swift */,
				AD639DD91F277A2600AA56ED /* TagEntity.swift */,
				AD639DDB1F277AB500AA56ED /* GroupEntity.swift */,
				AD639DDD1F277B3400AA56ED /* ItemEntity.swift */,
			);
			path = ValueObject;
			sourceTree = "<group>";
		};
		C2483F901F26152500685622 /* API */ = {
			isa = PBXGroup;
			children = (
				AD639DCF1F26329400AA56ED /* Request */,
				C2483F911F26158000685622 /* QiitaRequestType.swift */,
				C2483F931F26187C00685622 /* Session+Rx.swift */,
			);
			path = API;
			sourceTree = "<group>";
		};
/* End PBXGroup section */

/* Begin PBXNativeTarget section */
		AD5C98591F1F962300DF5039 /* MVVMC_QiitaClient */ = {
			isa = PBXNativeTarget;
			buildConfigurationList = AD5C98821F1F962300DF5039 /* Build configuration list for PBXNativeTarget "MVVMC_QiitaClient" */;
			buildPhases = (
				149EB92F3172A7C2C098B7E0 /* [CP] Check Pods Manifest.lock */,
				AD5C98561F1F962300DF5039 /* Sources */,
				AD5C98571F1F962300DF5039 /* Frameworks */,
				AD5C98581F1F962300DF5039 /* Resources */,
				BD027361F1A958DACB9A6CDB /* [CP] Embed Pods Frameworks */,
				15F3F59C1F91CCFB2C03DDD6 /* [CP] Copy Pods Resources */,
			);
			buildRules = (
			);
			dependencies = (
			);
			name = MVVMC_QiitaClient;
			productName = MVVMC_QiitaClient;
			productReference = AD5C985A1F1F962300DF5039 /* MVVMC_QiitaClient.app */;
			productType = "com.apple.product-type.application";
		};
		AD5C986D1F1F962300DF5039 /* MVVMC_QiitaClientTests */ = {
			isa = PBXNativeTarget;
			buildConfigurationList = AD5C98851F1F962300DF5039 /* Build configuration list for PBXNativeTarget "MVVMC_QiitaClientTests" */;
			buildPhases = (
				AD5C986A1F1F962300DF5039 /* Sources */,
				AD5C986B1F1F962300DF5039 /* Frameworks */,
				AD5C986C1F1F962300DF5039 /* Resources */,
			);
			buildRules = (
			);
			dependencies = (
				AD5C98701F1F962300DF5039 /* PBXTargetDependency */,
			);
			name = MVVMC_QiitaClientTests;
			productName = MVVMC_QiitaClientTests;
			productReference = AD5C986E1F1F962300DF5039 /* MVVMC_QiitaClientTests.xctest */;
			productType = "com.apple.product-type.bundle.unit-test";
		};
		AD5C98781F1F962300DF5039 /* MVVMC_QiitaClientUITests */ = {
			isa = PBXNativeTarget;
			buildConfigurationList = AD5C98881F1F962300DF5039 /* Build configuration list for PBXNativeTarget "MVVMC_QiitaClientUITests" */;
			buildPhases = (
				AD5C98751F1F962300DF5039 /* Sources */,
				AD5C98761F1F962300DF5039 /* Frameworks */,
				AD5C98771F1F962300DF5039 /* Resources */,
			);
			buildRules = (
			);
			dependencies = (
				AD5C987B1F1F962300DF5039 /* PBXTargetDependency */,
			);
			name = MVVMC_QiitaClientUITests;
			productName = MVVMC_QiitaClientUITests;
			productReference = AD5C98791F1F962300DF5039 /* MVVMC_QiitaClientUITests.xctest */;
			productType = "com.apple.product-type.bundle.ui-testing";
		};
/* End PBXNativeTarget section */

/* Begin PBXProject section */
		AD5C98521F1F962300DF5039 /* Project object */ = {
			isa = PBXProject;
			attributes = {
				LastSwiftUpdateCheck = 0830;
				LastUpgradeCheck = 0830;
				ORGANIZATIONNAME = hachinobu;
				TargetAttributes = {
					AD5C98591F1F962300DF5039 = {
						CreatedOnToolsVersion = 8.3.3;
						DevelopmentTeam = R8Z7UD83T2;
						ProvisioningStyle = Automatic;
					};
					AD5C986D1F1F962300DF5039 = {
						CreatedOnToolsVersion = 8.3.3;
						DevelopmentTeam = R8Z7UD83T2;
						ProvisioningStyle = Automatic;
						TestTargetID = AD5C98591F1F962300DF5039;
					};
					AD5C98781F1F962300DF5039 = {
						CreatedOnToolsVersion = 8.3.3;
						DevelopmentTeam = R8Z7UD83T2;
						ProvisioningStyle = Automatic;
						TestTargetID = AD5C98591F1F962300DF5039;
					};
				};
			};
			buildConfigurationList = AD5C98551F1F962300DF5039 /* Build configuration list for PBXProject "MVVMC_QiitaClient" */;
			compatibilityVersion = "Xcode 3.2";
			developmentRegion = English;
			hasScannedForEncodings = 0;
			knownRegions = (
				en,
				Base,
			);
			mainGroup = AD5C98511F1F962300DF5039;
			productRefGroup = AD5C985B1F1F962300DF5039 /* Products */;
			projectDirPath = "";
			projectRoot = "";
			targets = (
				AD5C98591F1F962300DF5039 /* MVVMC_QiitaClient */,
				AD5C986D1F1F962300DF5039 /* MVVMC_QiitaClientTests */,
				AD5C98781F1F962300DF5039 /* MVVMC_QiitaClientUITests */,
			);
		};
/* End PBXProject section */

/* Begin PBXResourcesBuildPhase section */
		AD5C98581F1F962300DF5039 /* Resources */ = {
			isa = PBXResourcesBuildPhase;
			buildActionMask = 2147483647;
			files = (
				AD5C98681F1F962300DF5039 /* LaunchScreen.storyboard in Resources */,
				AD639DBD1F23223100AA56ED /* AuthViewController.storyboard in Resources */,
				AD639DF01F27835E00AA56ED /* LoadingIndicatorView.xib in Resources */,
				AD639DE41F277DD200AA56ED /* ItemListViewController.storyboard in Resources */,
				AD5C98651F1F962300DF5039 /* Assets.xcassets in Resources */,
				AD5C98AC1F1FA31A00DF5039 /* TabbarController.storyboard in Resources */,
				AD639DE91F277F2F00AA56ED /* ItemListTableCell.xib in Resources */,
			);
			runOnlyForDeploymentPostprocessing = 0;
		};
		AD5C986C1F1F962300DF5039 /* Resources */ = {
			isa = PBXResourcesBuildPhase;
			buildActionMask = 2147483647;
			files = (
			);
			runOnlyForDeploymentPostprocessing = 0;
		};
		AD5C98771F1F962300DF5039 /* Resources */ = {
			isa = PBXResourcesBuildPhase;
			buildActionMask = 2147483647;
			files = (
			);
			runOnlyForDeploymentPostprocessing = 0;
		};
/* End PBXResourcesBuildPhase section */

/* Begin PBXShellScriptBuildPhase section */
		149EB92F3172A7C2C098B7E0 /* [CP] Check Pods Manifest.lock */ = {
			isa = PBXShellScriptBuildPhase;
			buildActionMask = 2147483647;
			files = (
			);
			inputPaths = (
			);
			name = "[CP] Check Pods Manifest.lock";
			outputPaths = (
			);
			runOnlyForDeploymentPostprocessing = 0;
			shellPath = /bin/sh;
			shellScript = "diff \"${PODS_ROOT}/../Podfile.lock\" \"${PODS_ROOT}/Manifest.lock\" > /dev/null\nif [ $? != 0 ] ; then\n    # print error to STDERR\n    echo \"error: The sandbox is not in sync with the Podfile.lock. Run 'pod install' or update your CocoaPods installation.\" >&2\n    exit 1\nfi\n";
			showEnvVarsInLog = 0;
		};
		15F3F59C1F91CCFB2C03DDD6 /* [CP] Copy Pods Resources */ = {
			isa = PBXShellScriptBuildPhase;
			buildActionMask = 2147483647;
			files = (
			);
			inputPaths = (
			);
			name = "[CP] Copy Pods Resources";
			outputPaths = (
			);
			runOnlyForDeploymentPostprocessing = 0;
			shellPath = /bin/sh;
			shellScript = "\"${SRCROOT}/Pods/Target Support Files/Pods-MVVMC_QiitaClient/Pods-MVVMC_QiitaClient-resources.sh\"\n";
			showEnvVarsInLog = 0;
		};
		BD027361F1A958DACB9A6CDB /* [CP] Embed Pods Frameworks */ = {
			isa = PBXShellScriptBuildPhase;
			buildActionMask = 2147483647;
			files = (
			);
			inputPaths = (
			);
			name = "[CP] Embed Pods Frameworks";
			outputPaths = (
			);
			runOnlyForDeploymentPostprocessing = 0;
			shellPath = /bin/sh;
			shellScript = "\"${SRCROOT}/Pods/Target Support Files/Pods-MVVMC_QiitaClient/Pods-MVVMC_QiitaClient-frameworks.sh\"\n";
			showEnvVarsInLog = 0;
		};
/* End PBXShellScriptBuildPhase section */

/* Begin PBXSourcesBuildPhase section */
		AD5C98561F1F962300DF5039 /* Sources */ = {
			isa = PBXSourcesBuildPhase;
			buildActionMask = 2147483647;
			files = (
				AD5C988F1F1F994200DF5039 /* CoordinatorFactory.swift in Sources */,
				AD5C98A91F1F9D4100DF5039 /* TabSelectableView.swift in Sources */,
				AD639DBA1F20EF5700AA56ED /* TabbarCoordinator.swift in Sources */,
				AD5C989C1F1F998200DF5039 /* BaseCoordinator.swift in Sources */,
				AD639DBF1F23241600AA56ED /* AuthViewController.swift in Sources */,
				AD639DC71F247F9000AA56ED /* AuthInfo.swift in Sources */,
				AD5C989B1F1F998200DF5039 /* DependencyCoordinator.swift in Sources */,
				AD5C98931F1F996500DF5039 /* Presentable.swift in Sources */,
				AD639DB81F20EEE900AA56ED /* CoordinatorFactoryImpl.swift in Sources */,
				AD5C98951F1F996500DF5039 /* RouterImpl.swift in Sources */,
				AD639DDC1F277AB500AA56ED /* GroupEntity.swift in Sources */,
				AD639DE61F277E3A00AA56ED /* ItemListViewController.swift in Sources */,
				AD639DCC1F24E30600AA56ED /* AuthViewFactory.swift in Sources */,
				AD639DDE1F277B3400AA56ED /* ItemEntity.swift in Sources */,
				C2483F861F2608DC00685622 /* AccessTokenStorage.swift in Sources */,
				C2483F961F26DC0300685622 /* QiitaAPI.swift in Sources */,
				AD639DED1F27826900AA56ED /* NibLoadableView.swift in Sources */,
				AD639DF21F2783DC00AA56ED /* LoadingIndicatorView.swift in Sources */,
				AD639DC91F24E17D00AA56ED /* AuthCoordinator.swift in Sources */,
				AD639DF41F2787C600AA56ED /* ItemListViewModel.swift in Sources */,
				AD74B4C81F20ED8B00B2EC04 /* ReusableViewController.swift in Sources */,
				AD5C989D1F1F998200DF5039 /* ApplicationCoordinator.swift in Sources */,
				AD5C98941F1F996500DF5039 /* Router.swift in Sources */,
				AD5C98A51F1F9C3400DF5039 /* TabbarController.swift in Sources */,
				AD639DB61F20EE5500AA56ED /* Storyboard+Extension.swift in Sources */,
				AD5C985E1F1F962300DF5039 /* AppDelegate.swift in Sources */,
				AD639DD31F263E8300AA56ED /* AuthVM.swift in Sources */,
				C2483F981F26DC5E00685622 /* AuthRequest.swift in Sources */,
				AD5C989A1F1F998200DF5039 /* Coordinator.swift in Sources */,
				AD639DD81F27792600AA56ED /* UserEntity.swift in Sources */,
				AD639DEB1F2780A700AA56ED /* ItemListTableCell.swift in Sources */,
				C2483F921F26158000685622 /* QiitaRequestType.swift in Sources */,
				C2483F8F1F26145A00685622 /* AuthEntity.swift in Sources */,
				AD639DCE1F24E38300AA56ED /* ViewFactory.swift in Sources */,
				C2483F941F26187C00685622 /* Session+Rx.swift in Sources */,
				AD639DD51F26414900AA56ED /* AccessTokenProtocol.swift in Sources */,
				AD639DC11F246D5800AA56ED /* AuthViewProtocol.swift in Sources */,
				C2483F881F2609D200685622 /* AppDelegate+Auth.swift in Sources */,
				C2483F841F2602F200685622 /* AuthCoordinatorOutput.swift in Sources */,
				AD639DDA1F277A2600AA56ED /* TagEntity.swift in Sources */,
				C2483F8C1F2611F400685622 /* AuthViewModel.swift in Sources */,
				AD639DC41F24752500AA56ED /* AuthenticateQiita.swift in Sources */,
			);
			runOnlyForDeploymentPostprocessing = 0;
		};
		AD5C986A1F1F962300DF5039 /* Sources */ = {
			isa = PBXSourcesBuildPhase;
			buildActionMask = 2147483647;
			files = (
				AD5C98731F1F962300DF5039 /* MVVMC_QiitaClientTests.swift in Sources */,
			);
			runOnlyForDeploymentPostprocessing = 0;
		};
		AD5C98751F1F962300DF5039 /* Sources */ = {
			isa = PBXSourcesBuildPhase;
			buildActionMask = 2147483647;
			files = (
				AD5C987E1F1F962300DF5039 /* MVVMC_QiitaClientUITests.swift in Sources */,
			);
			runOnlyForDeploymentPostprocessing = 0;
		};
/* End PBXSourcesBuildPhase section */

/* Begin PBXTargetDependency section */
		AD5C98701F1F962300DF5039 /* PBXTargetDependency */ = {
			isa = PBXTargetDependency;
			target = AD5C98591F1F962300DF5039 /* MVVMC_QiitaClient */;
			targetProxy = AD5C986F1F1F962300DF5039 /* PBXContainerItemProxy */;
		};
		AD5C987B1F1F962300DF5039 /* PBXTargetDependency */ = {
			isa = PBXTargetDependency;
			target = AD5C98591F1F962300DF5039 /* MVVMC_QiitaClient */;
			targetProxy = AD5C987A1F1F962300DF5039 /* PBXContainerItemProxy */;
		};
/* End PBXTargetDependency section */

/* Begin PBXVariantGroup section */
		AD5C98661F1F962300DF5039 /* LaunchScreen.storyboard */ = {
			isa = PBXVariantGroup;
			children = (
				AD5C98671F1F962300DF5039 /* Base */,
			);
			name = LaunchScreen.storyboard;
			sourceTree = "<group>";
		};
/* End PBXVariantGroup section */

/* Begin XCBuildConfiguration section */
		AD5C98801F1F962300DF5039 /* Debug */ = {
			isa = XCBuildConfiguration;
			buildSettings = {
				ALWAYS_SEARCH_USER_PATHS = NO;
				CLANG_ANALYZER_NONNULL = YES;
				CLANG_ANALYZER_NUMBER_OBJECT_CONVERSION = YES_AGGRESSIVE;
				CLANG_CXX_LANGUAGE_STANDARD = "gnu++0x";
				CLANG_CXX_LIBRARY = "libc++";
				CLANG_ENABLE_MODULES = YES;
				CLANG_ENABLE_OBJC_ARC = YES;
				CLANG_WARN_BOOL_CONVERSION = YES;
				CLANG_WARN_CONSTANT_CONVERSION = YES;
				CLANG_WARN_DIRECT_OBJC_ISA_USAGE = YES_ERROR;
				CLANG_WARN_DOCUMENTATION_COMMENTS = YES;
				CLANG_WARN_EMPTY_BODY = YES;
				CLANG_WARN_ENUM_CONVERSION = YES;
				CLANG_WARN_INFINITE_RECURSION = YES;
				CLANG_WARN_INT_CONVERSION = YES;
				CLANG_WARN_OBJC_ROOT_CLASS = YES_ERROR;
				CLANG_WARN_SUSPICIOUS_MOVE = YES;
				CLANG_WARN_UNREACHABLE_CODE = YES;
				CLANG_WARN__DUPLICATE_METHOD_MATCH = YES;
				"CODE_SIGN_IDENTITY[sdk=iphoneos*]" = "iPhone Developer";
				COPY_PHASE_STRIP = NO;
				DEBUG_INFORMATION_FORMAT = dwarf;
				ENABLE_STRICT_OBJC_MSGSEND = YES;
				ENABLE_TESTABILITY = YES;
				GCC_C_LANGUAGE_STANDARD = gnu99;
				GCC_DYNAMIC_NO_PIC = NO;
				GCC_NO_COMMON_BLOCKS = YES;
				GCC_OPTIMIZATION_LEVEL = 0;
				GCC_PREPROCESSOR_DEFINITIONS = (
					"DEBUG=1",
					"$(inherited)",
				);
				GCC_WARN_64_TO_32_BIT_CONVERSION = YES;
				GCC_WARN_ABOUT_RETURN_TYPE = YES_ERROR;
				GCC_WARN_UNDECLARED_SELECTOR = YES;
				GCC_WARN_UNINITIALIZED_AUTOS = YES_AGGRESSIVE;
				GCC_WARN_UNUSED_FUNCTION = YES;
				GCC_WARN_UNUSED_VARIABLE = YES;
				IPHONEOS_DEPLOYMENT_TARGET = 10.3;
				MTL_ENABLE_DEBUG_INFO = YES;
				ONLY_ACTIVE_ARCH = YES;
				SDKROOT = iphoneos;
				SWIFT_ACTIVE_COMPILATION_CONDITIONS = DEBUG;
				SWIFT_OPTIMIZATION_LEVEL = "-Onone";
				TARGETED_DEVICE_FAMILY = "1,2";
			};
			name = Debug;
		};
		AD5C98811F1F962300DF5039 /* Release */ = {
			isa = XCBuildConfiguration;
			buildSettings = {
				ALWAYS_SEARCH_USER_PATHS = NO;
				CLANG_ANALYZER_NONNULL = YES;
				CLANG_ANALYZER_NUMBER_OBJECT_CONVERSION = YES_AGGRESSIVE;
				CLANG_CXX_LANGUAGE_STANDARD = "gnu++0x";
				CLANG_CXX_LIBRARY = "libc++";
				CLANG_ENABLE_MODULES = YES;
				CLANG_ENABLE_OBJC_ARC = YES;
				CLANG_WARN_BOOL_CONVERSION = YES;
				CLANG_WARN_CONSTANT_CONVERSION = YES;
				CLANG_WARN_DIRECT_OBJC_ISA_USAGE = YES_ERROR;
				CLANG_WARN_DOCUMENTATION_COMMENTS = YES;
				CLANG_WARN_EMPTY_BODY = YES;
				CLANG_WARN_ENUM_CONVERSION = YES;
				CLANG_WARN_INFINITE_RECURSION = YES;
				CLANG_WARN_INT_CONVERSION = YES;
				CLANG_WARN_OBJC_ROOT_CLASS = YES_ERROR;
				CLANG_WARN_SUSPICIOUS_MOVE = YES;
				CLANG_WARN_UNREACHABLE_CODE = YES;
				CLANG_WARN__DUPLICATE_METHOD_MATCH = YES;
				"CODE_SIGN_IDENTITY[sdk=iphoneos*]" = "iPhone Developer";
				COPY_PHASE_STRIP = NO;
				DEBUG_INFORMATION_FORMAT = "dwarf-with-dsym";
				ENABLE_NS_ASSERTIONS = NO;
				ENABLE_STRICT_OBJC_MSGSEND = YES;
				GCC_C_LANGUAGE_STANDARD = gnu99;
				GCC_NO_COMMON_BLOCKS = YES;
				GCC_WARN_64_TO_32_BIT_CONVERSION = YES;
				GCC_WARN_ABOUT_RETURN_TYPE = YES_ERROR;
				GCC_WARN_UNDECLARED_SELECTOR = YES;
				GCC_WARN_UNINITIALIZED_AUTOS = YES_AGGRESSIVE;
				GCC_WARN_UNUSED_FUNCTION = YES;
				GCC_WARN_UNUSED_VARIABLE = YES;
				IPHONEOS_DEPLOYMENT_TARGET = 10.3;
				MTL_ENABLE_DEBUG_INFO = NO;
				SDKROOT = iphoneos;
				SWIFT_OPTIMIZATION_LEVEL = "-Owholemodule";
				TARGETED_DEVICE_FAMILY = "1,2";
				VALIDATE_PRODUCT = YES;
			};
			name = Release;
		};
		AD5C98831F1F962300DF5039 /* Debug */ = {
			isa = XCBuildConfiguration;
			baseConfigurationReference = E6CE478C2039F61480735ED8 /* Pods-MVVMC_QiitaClient.debug.xcconfig */;
			buildSettings = {
				ASSETCATALOG_COMPILER_APPICON_NAME = AppIcon;
				DEVELOPMENT_TEAM = R8Z7UD83T2;
				INFOPLIST_FILE = MVVMC_QiitaClient/Info.plist;
				LD_RUNPATH_SEARCH_PATHS = "$(inherited) @executable_path/Frameworks";
				PRODUCT_BUNDLE_IDENTIFIER = "com.hachinobu.MVVMC-QiitaClient";
				PRODUCT_NAME = "$(TARGET_NAME)";
				SWIFT_VERSION = 3.0;
			};
			name = Debug;
		};
		AD5C98841F1F962300DF5039 /* Release */ = {
			isa = XCBuildConfiguration;
			baseConfigurationReference = 97D0312F84DE58702220B358 /* Pods-MVVMC_QiitaClient.release.xcconfig */;
			buildSettings = {
				ASSETCATALOG_COMPILER_APPICON_NAME = AppIcon;
				DEVELOPMENT_TEAM = R8Z7UD83T2;
				INFOPLIST_FILE = MVVMC_QiitaClient/Info.plist;
				LD_RUNPATH_SEARCH_PATHS = "$(inherited) @executable_path/Frameworks";
				PRODUCT_BUNDLE_IDENTIFIER = "com.hachinobu.MVVMC-QiitaClient";
				PRODUCT_NAME = "$(TARGET_NAME)";
				SWIFT_VERSION = 3.0;
			};
			name = Release;
		};
		AD5C98861F1F962300DF5039 /* Debug */ = {
			isa = XCBuildConfiguration;
			buildSettings = {
				ALWAYS_EMBED_SWIFT_STANDARD_LIBRARIES = YES;
				BUNDLE_LOADER = "$(TEST_HOST)";
				DEVELOPMENT_TEAM = R8Z7UD83T2;
				INFOPLIST_FILE = MVVMC_QiitaClientTests/Info.plist;
				LD_RUNPATH_SEARCH_PATHS = "$(inherited) @executable_path/Frameworks @loader_path/Frameworks";
				PRODUCT_BUNDLE_IDENTIFIER = "com.hachinobu.MVVMC-QiitaClientTests";
				PRODUCT_NAME = "$(TARGET_NAME)";
				SWIFT_VERSION = 3.0;
				TEST_HOST = "$(BUILT_PRODUCTS_DIR)/MVVMC_QiitaClient.app/MVVMC_QiitaClient";
			};
			name = Debug;
		};
		AD5C98871F1F962300DF5039 /* Release */ = {
			isa = XCBuildConfiguration;
			buildSettings = {
				ALWAYS_EMBED_SWIFT_STANDARD_LIBRARIES = YES;
				BUNDLE_LOADER = "$(TEST_HOST)";
				DEVELOPMENT_TEAM = R8Z7UD83T2;
				INFOPLIST_FILE = MVVMC_QiitaClientTests/Info.plist;
				LD_RUNPATH_SEARCH_PATHS = "$(inherited) @executable_path/Frameworks @loader_path/Frameworks";
				PRODUCT_BUNDLE_IDENTIFIER = "com.hachinobu.MVVMC-QiitaClientTests";
				PRODUCT_NAME = "$(TARGET_NAME)";
				SWIFT_VERSION = 3.0;
				TEST_HOST = "$(BUILT_PRODUCTS_DIR)/MVVMC_QiitaClient.app/MVVMC_QiitaClient";
			};
			name = Release;
		};
		AD5C98891F1F962300DF5039 /* Debug */ = {
			isa = XCBuildConfiguration;
			buildSettings = {
				ALWAYS_EMBED_SWIFT_STANDARD_LIBRARIES = YES;
				DEVELOPMENT_TEAM = R8Z7UD83T2;
				INFOPLIST_FILE = MVVMC_QiitaClientUITests/Info.plist;
				LD_RUNPATH_SEARCH_PATHS = "$(inherited) @executable_path/Frameworks @loader_path/Frameworks";
				PRODUCT_BUNDLE_IDENTIFIER = "com.hachinobu.MVVMC-QiitaClientUITests";
				PRODUCT_NAME = "$(TARGET_NAME)";
				SWIFT_VERSION = 3.0;
				TEST_TARGET_NAME = MVVMC_QiitaClient;
			};
			name = Debug;
		};
		AD5C988A1F1F962300DF5039 /* Release */ = {
			isa = XCBuildConfiguration;
			buildSettings = {
				ALWAYS_EMBED_SWIFT_STANDARD_LIBRARIES = YES;
				DEVELOPMENT_TEAM = R8Z7UD83T2;
				INFOPLIST_FILE = MVVMC_QiitaClientUITests/Info.plist;
				LD_RUNPATH_SEARCH_PATHS = "$(inherited) @executable_path/Frameworks @loader_path/Frameworks";
				PRODUCT_BUNDLE_IDENTIFIER = "com.hachinobu.MVVMC-QiitaClientUITests";
				PRODUCT_NAME = "$(TARGET_NAME)";
				SWIFT_VERSION = 3.0;
				TEST_TARGET_NAME = MVVMC_QiitaClient;
			};
			name = Release;
		};
/* End XCBuildConfiguration section */

/* Begin XCConfigurationList section */
		AD5C98551F1F962300DF5039 /* Build configuration list for PBXProject "MVVMC_QiitaClient" */ = {
			isa = XCConfigurationList;
			buildConfigurations = (
				AD5C98801F1F962300DF5039 /* Debug */,
				AD5C98811F1F962300DF5039 /* Release */,
			);
			defaultConfigurationIsVisible = 0;
			defaultConfigurationName = Release;
		};
		AD5C98821F1F962300DF5039 /* Build configuration list for PBXNativeTarget "MVVMC_QiitaClient" */ = {
			isa = XCConfigurationList;
			buildConfigurations = (
				AD5C98831F1F962300DF5039 /* Debug */,
				AD5C98841F1F962300DF5039 /* Release */,
			);
			defaultConfigurationIsVisible = 0;
			defaultConfigurationName = Release;
		};
		AD5C98851F1F962300DF5039 /* Build configuration list for PBXNativeTarget "MVVMC_QiitaClientTests" */ = {
			isa = XCConfigurationList;
			buildConfigurations = (
				AD5C98861F1F962300DF5039 /* Debug */,
				AD5C98871F1F962300DF5039 /* Release */,
			);
			defaultConfigurationIsVisible = 0;
			defaultConfigurationName = Release;
		};
		AD5C98881F1F962300DF5039 /* Build configuration list for PBXNativeTarget "MVVMC_QiitaClientUITests" */ = {
			isa = XCConfigurationList;
			buildConfigurations = (
				AD5C98891F1F962300DF5039 /* Debug */,
				AD5C988A1F1F962300DF5039 /* Release */,
			);
			defaultConfigurationIsVisible = 0;
			defaultConfigurationName = Release;
		};
/* End XCConfigurationList section */
	};
	rootObject = AD5C98521F1F962300DF5039 /* Project object */;
}
